
Microsoft Visual Studio Solution File, Format Version 12.00
# Visual Studio Version 16
VisualStudioVersion = 16.0.31321.278
MinimumVisualStudioVersion = 10.0.40219.1
Project("{FAE04EC0-301F-11D3-BF4B-00C04F79EFBC}") = "ApiTicketsDpr", "ApiTicketsDpr\ApiTicketsDpr.csproj", "{E1FF0BA2-0319-454D-B07F-C72AF172A8F8}"
EndProject
Global
	GlobalSection(SolutionConfigurationPlatforms) = preSolution
		Debug|Any CPU = Debug|Any CPU
		Release|Any CPU = Release|Any CPU
	EndGlobalSection
	GlobalSection(ProjectConfigurationPlatforms) = postSolution
		{E1FF0BA2-0319-454D-B07F-C72AF172A8F8}.Debug|Any CPU.ActiveCfg = Debug|Any CPU
		{E1FF0BA2-0319-454D-B07F-C72AF172A8F8}.Debug|Any CPU.Build.0 = Debug|Any CPU
		{E1FF0BA2-0319-454D-B07F-C72AF172A8F8}.Release|Any CPU.ActiveCfg = Release|Any CPU
		{E1FF0BA2-0319-454D-B07F-C72AF172A8F8}.Release|Any CPU.Build.0 = Release|Any CPU
	EndGlobalSection
	GlobalSection(SolutionProperties) = preSolution
		HideSolutionNode = FALSE
	EndGlobalSection
	GlobalSection(ExtensibilityGlobals) = postSolution
		SolutionGuid = {D8EBFD2C-6090-4902-A323-E88A839E60A7}
	EndGlobalSection
EndGlobal
